
Microsoft Visual Studio Solution File, Format Version 12.00
# Visual Studio Version 16
VisualStudioVersion = 16.0.32228.343
MinimumVisualStudioVersion = 10.0.40219.1
Project("{8BC9CEB8-8B4A-11D0-8D11-00A0C91BC942}") = "ing4.25", "ing4.25\ing4.25.vcxproj", "{B0A32ED0-3E8E-4DEB-BD74-C2819EE84942}"
EndProject
Global
	GlobalSection(SolutionConfigurationPlatforms) = preSolution
		Debug|x64 = Debug|x64
		Debug|x86 = Debug|x86
		Release|x64 = Release|x64
		Release|x86 = Release|x86
	EndGlobalSection
	GlobalSection(ProjectConfigurationPlatforms) = postSolution
		{B0A32ED0-3E8E-4DEB-BD74-C2819EE84942}.Debug|x64.ActiveCfg = Debug|x64
		{B0A32ED0-3E8E-4DEB-BD74-C2819EE84942}.Debug|x64.Build.0 = Debug|x64
		{B0A32ED0-3E8E-4DEB-BD74-C2819EE84942}.Debug|x86.ActiveCfg = Debug|Win32
		{B0A32ED0-3E8E-4DEB-BD74-C2819EE84942}.Debug|x86.Build.0 = Debug|Win32
		{B0A32ED0-3E8E-4DEB-BD74-C2819EE84942}.Release|x64.ActiveCfg = Release|x64
		{B0A32ED0-3E8E-4DEB-BD74-C2819EE84942}.Release|x64.Build.0 = Release|x64
		{B0A32ED0-3E8E-4DEB-BD74-C2819EE84942}.Release|x86.ActiveCfg = Release|Win32
		{B0A32ED0-3E8E-4DEB-BD74-C2819EE84942}.Release|x86.Build.0 = Release|Win32
	EndGlobalSection
	GlobalSection(SolutionProperties) = preSolution
		HideSolutionNode = FALSE
	EndGlobalSection
	GlobalSection(ExtensibilityGlobals) = postSolution
		SolutionGuid = {27B253C1-02ED-44FB-B455-0FE0E4CB7649}
	EndGlobalSection
EndGlobal
